
Microsoft Visual Studio Solution File, Format Version 12.00
# Visual Studio 2012
Project("{8BC9CEB8-8B4A-11D0-8D11-00A0C91BC942}") = "OS_LAB_2_DEMO_STATIC", "OS_LAB_2_DEMO_STATIC\OS_LAB_2_DEMO_STATIC.vcxproj", "{6579EAC8-9D26-4F42-9F52-59C02E3302D2}"
EndProject
Global
	GlobalSection(SolutionConfigurationPlatforms) = preSolution
		Debug|Win32 = Debug|Win32
		Release|Win32 = Release|Win32
	EndGlobalSection
	GlobalSection(ProjectConfigurationPlatforms) = postSolution
		{6579EAC8-9D26-4F42-9F52-59C02E3302D2}.Debug|Win32.ActiveCfg = Debug|Win32
		{6579EAC8-9D26-4F42-9F52-59C02E3302D2}.Debug|Win32.Build.0 = Debug|Win32
		{6579EAC8-9D26-4F42-9F52-59C02E3302D2}.Release|Win32.ActiveCfg = Release|Win32
		{6579EAC8-9D26-4F42-9F52-59C02E3302D2}.Release|Win32.Build.0 = Release|Win32
	EndGlobalSection
	GlobalSection(SolutionProperties) = preSolution
		HideSolutionNode = FALSE
	EndGlobalSection
EndGlobal
