
Microsoft Visual Studio Solution File, Format Version 12.00
# Visual Studio 2012
Project("{8BC9CEB8-8B4A-11D0-8D11-00A0C91BC942}") = "OS_LAB_6", "OS_LAB_6\OS_LAB_6.vcxproj", "{1FE04510-5F53-4E33-BE65-E94AFD657846}"
EndProject
Global
	GlobalSection(SolutionConfigurationPlatforms) = preSolution
		Debug|Win32 = Debug|Win32
		Release|Win32 = Release|Win32
	EndGlobalSection
	GlobalSection(ProjectConfigurationPlatforms) = postSolution
		{1FE04510-5F53-4E33-BE65-E94AFD657846}.Debug|Win32.ActiveCfg = Debug|Win32
		{1FE04510-5F53-4E33-BE65-E94AFD657846}.Debug|Win32.Build.0 = Debug|Win32
		{1FE04510-5F53-4E33-BE65-E94AFD657846}.Release|Win32.ActiveCfg = Release|Win32
		{1FE04510-5F53-4E33-BE65-E94AFD657846}.Release|Win32.Build.0 = Release|Win32
	EndGlobalSection
	GlobalSection(SolutionProperties) = preSolution
		HideSolutionNode = FALSE
	EndGlobalSection
EndGlobal
