
Microsoft Visual Studio Solution File, Format Version 12.00
# Visual Studio 2012
Project("{8BC9CEB8-8B4A-11D0-8D11-00A0C91BC942}") = "OS_PZ_3", "OS_PZ_3\OS_PZ_3.vcxproj", "{EEB1C4EC-95FC-4C3E-A1F4-CC5EB2EF4CAC}"
EndProject
Global
	GlobalSection(SolutionConfigurationPlatforms) = preSolution
		Debug|Win32 = Debug|Win32
		Release|Win32 = Release|Win32
	EndGlobalSection
	GlobalSection(ProjectConfigurationPlatforms) = postSolution
		{EEB1C4EC-95FC-4C3E-A1F4-CC5EB2EF4CAC}.Debug|Win32.ActiveCfg = Debug|Win32
		{EEB1C4EC-95FC-4C3E-A1F4-CC5EB2EF4CAC}.Debug|Win32.Build.0 = Debug|Win32
		{EEB1C4EC-95FC-4C3E-A1F4-CC5EB2EF4CAC}.Release|Win32.ActiveCfg = Release|Win32
		{EEB1C4EC-95FC-4C3E-A1F4-CC5EB2EF4CAC}.Release|Win32.Build.0 = Release|Win32
	EndGlobalSection
	GlobalSection(SolutionProperties) = preSolution
		HideSolutionNode = FALSE
	EndGlobalSection
EndGlobal
