
Microsoft Visual Studio Solution File, Format Version 12.00
# Visual Studio 2012
Project("{8BC9CEB8-8B4A-11D0-8D11-00A0C91BC942}") = "OS_PZ_2_Static", "OS_PZ_2_Static\OS_PZ_2_Static.vcxproj", "{AD77DD09-779A-46E7-AC5C-9D0FA7F5310C}"
EndProject
Global
	GlobalSection(SolutionConfigurationPlatforms) = preSolution
		Debug|Win32 = Debug|Win32
		Release|Win32 = Release|Win32
	EndGlobalSection
	GlobalSection(ProjectConfigurationPlatforms) = postSolution
		{AD77DD09-779A-46E7-AC5C-9D0FA7F5310C}.Debug|Win32.ActiveCfg = Debug|Win32
		{AD77DD09-779A-46E7-AC5C-9D0FA7F5310C}.Debug|Win32.Build.0 = Debug|Win32
		{AD77DD09-779A-46E7-AC5C-9D0FA7F5310C}.Release|Win32.ActiveCfg = Release|Win32
		{AD77DD09-779A-46E7-AC5C-9D0FA7F5310C}.Release|Win32.Build.0 = Release|Win32
	EndGlobalSection
	GlobalSection(SolutionProperties) = preSolution
		HideSolutionNode = FALSE
	EndGlobalSection
EndGlobal
